
Microsoft Visual Studio Solution File, Format Version 12.00
# Visual Studio Version 17
VisualStudioVersion = 17.3.32901.215
MinimumVisualStudioVersion = 10.0.40219.1
Project("{FAE04EC0-301F-11D3-BF4B-00C04F79EFBC}") = "MyToDoAPI", "MyToDoAPI.csproj", "{20761E1C-7982-4B20-BD28-227B71DFBFDB}"
EndProject
Global
	GlobalSection(SolutionConfigurationPlatforms) = preSolution
		Debug|Any CPU = Debug|Any CPU
		Release|Any CPU = Release|Any CPU
	EndGlobalSection
	GlobalSection(ProjectConfigurationPlatforms) = postSolution
		{20761E1C-7982-4B20-BD28-227B71DFBFDB}.Debug|Any CPU.ActiveCfg = Debug|Any CPU
		{20761E1C-7982-4B20-BD28-227B71DFBFDB}.Debug|Any CPU.Build.0 = Debug|Any CPU
		{20761E1C-7982-4B20-BD28-227B71DFBFDB}.Release|Any CPU.ActiveCfg = Release|Any CPU
		{20761E1C-7982-4B20-BD28-227B71DFBFDB}.Release|Any CPU.Build.0 = Release|Any CPU
	EndGlobalSection
	GlobalSection(SolutionProperties) = preSolution
		HideSolutionNode = FALSE
	EndGlobalSection
	GlobalSection(ExtensibilityGlobals) = postSolution
		SolutionGuid = {0193DD9F-9A6B-4234-9D7B-6F1503F6727F}
	EndGlobalSection
EndGlobal
